
Microsoft Visual Studio Solution File, Format Version 12.00
Project("{FAE04EC0-301F-11D3-BF4B-00C04F79EFBC}") = "Subnetting", "Subnetting\Subnetting.csproj", "{288BA377-8A65-4CD9-AC3C-5A1D3F7E0B1A}"
EndProject
Global
	GlobalSection(SolutionConfigurationPlatforms) = preSolution
		Debug|Any CPU = Debug|Any CPU
		Release|Any CPU = Release|Any CPU
	EndGlobalSection
	GlobalSection(ProjectConfigurationPlatforms) = postSolution
		{288BA377-8A65-4CD9-AC3C-5A1D3F7E0B1A}.Debug|Any CPU.ActiveCfg = Debug|Any CPU
		{288BA377-8A65-4CD9-AC3C-5A1D3F7E0B1A}.Debug|Any CPU.Build.0 = Debug|Any CPU
		{288BA377-8A65-4CD9-AC3C-5A1D3F7E0B1A}.Release|Any CPU.ActiveCfg = Release|Any CPU
		{288BA377-8A65-4CD9-AC3C-5A1D3F7E0B1A}.Release|Any CPU.Build.0 = Release|Any CPU
	EndGlobalSection
EndGlobal
